
Microsoft Visual Studio Solution File, Format Version 12.00
# Visual Studio Version 16
VisualStudioVersion = 16.0.31702.278
MinimumVisualStudioVersion = 10.0.40219.1
Project("{FAE04EC0-301F-11D3-BF4B-00C04F79EFBC}") = "MerckActivityML", "MerckActivityML.csproj", "{43D899DD-94A2-44CD-B6E4-0FD1CBEC01D4}"
EndProject
Global
	GlobalSection(SolutionConfigurationPlatforms) = preSolution
		Debug|Any CPU = Debug|Any CPU
		Release|Any CPU = Release|Any CPU
	EndGlobalSection
	GlobalSection(ProjectConfigurationPlatforms) = postSolution
		{43D899DD-94A2-44CD-B6E4-0FD1CBEC01D4}.Debug|Any CPU.ActiveCfg = Debug|Any CPU
		{43D899DD-94A2-44CD-B6E4-0FD1CBEC01D4}.Debug|Any CPU.Build.0 = Debug|Any CPU
		{43D899DD-94A2-44CD-B6E4-0FD1CBEC01D4}.Release|Any CPU.ActiveCfg = Release|Any CPU
		{43D899DD-94A2-44CD-B6E4-0FD1CBEC01D4}.Release|Any CPU.Build.0 = Release|Any CPU
	EndGlobalSection
	GlobalSection(SolutionProperties) = preSolution
		HideSolutionNode = FALSE
	EndGlobalSection
	GlobalSection(ExtensibilityGlobals) = postSolution
		SolutionGuid = {FE61F820-8B26-4DB0-9DFE-54F03CE13C43}
	EndGlobalSection
EndGlobal
